// !$*UTF8*$!
{
	archiveVersion = 1;
	classes = {
	};
	objectVersion = 50;
	objects = {

/* Begin PBXBuildFile section */
		0D37669921640FC100DE868B /* GimmikViewController.swift in Sources */ = {isa = PBXBuildFile; fileRef = 0D37669821640FC100DE868B /* GimmikViewController.swift */; };
		0D37669B216413A300DE868B /* GimmikCollectionViewDataSource.swift in Sources */ = {isa = PBXBuildFile; fileRef = 0D37669A216413A300DE868B /* GimmikCollectionViewDataSource.swift */; };
		0D37669D216413B400DE868B /* GimmikCollectionViewDelegate.swift in Sources */ = {isa = PBXBuildFile; fileRef = 0D37669C216413B400DE868B /* GimmikCollectionViewDelegate.swift */; };
		0D37669F216413C900DE868B /* Gimmik.swift in Sources */ = {isa = PBXBuildFile; fileRef = 0D37669E216413C900DE868B /* Gimmik.swift */; };
		0D3766A32164154E00DE868B /* GimmikCollectionViewCell.swift in Sources */ = {isa = PBXBuildFile; fileRef = 0D3766A12164154E00DE868B /* GimmikCollectionViewCell.swift */; };
		0D3766A42164154E00DE868B /* GimmikCollectionViewCell.xib in Resources */ = {isa = PBXBuildFile; fileRef = 0D3766A22164154E00DE868B /* GimmikCollectionViewCell.xib */; };
		0D3766A82164765000DE868B /* Constants.swift in Sources */ = {isa = PBXBuildFile; fileRef = 0D3766A72164765000DE868B /* Constants.swift */; };
		0D7A66DE2163F04500FF4BA4 /* AppDelegate.swift in Sources */ = {isa = PBXBuildFile; fileRef = 0D7A66DD2163F04500FF4BA4 /* AppDelegate.swift */; };
		0D7A66E32163F04500FF4BA4 /* Main.storyboard in Resources */ = {isa = PBXBuildFile; fileRef = 0D7A66E12163F04500FF4BA4 /* Main.storyboard */; };
		0D7A66E52163F04800FF4BA4 /* Assets.xcassets in Resources */ = {isa = PBXBuildFile; fileRef = 0D7A66E42163F04800FF4BA4 /* Assets.xcassets */; };
		0D7A66E82163F04800FF4BA4 /* LaunchScreen.storyboard in Resources */ = {isa = PBXBuildFile; fileRef = 0D7A66E62163F04800FF4BA4 /* LaunchScreen.storyboard */; };
		0D7A66F32163F04800FF4BA4 /* GimmikStoreTests.swift in Sources */ = {isa = PBXBuildFile; fileRef = 0D7A66F22163F04800FF4BA4 /* GimmikStoreTests.swift */; };
		0D7A66FE2163F04800FF4BA4 /* GimmikStoreUITests.swift in Sources */ = {isa = PBXBuildFile; fileRef = 0D7A66FD2163F04800FF4BA4 /* GimmikStoreUITests.swift */; };
		4ACE0D33493C33821B307A57 /* Pods_GimmikStore.framework in Frameworks */ = {isa = PBXBuildFile; fileRef = 964A572C9F89EA04BDF98D10 /* Pods_GimmikStore.framework */; };
		4DA7748C779E7F33726F8835 /* Pods_GimmikStoreUITests.framework in Frameworks */ = {isa = PBXBuildFile; fileRef = 17DBB2298EC4F46D88F5AD4E /* Pods_GimmikStoreUITests.framework */; };
		F442D66EFB18A142258D160E /* Pods_GimmikStoreTests.framework in Frameworks */ = {isa = PBXBuildFile; fileRef = 71B8AD44478512004F13ABF2 /* Pods_GimmikStoreTests.framework */; };
/* End PBXBuildFile section */

/* Begin PBXContainerItemProxy section */
		0D7A66EF2163F04800FF4BA4 /* PBXContainerItemProxy */ = {
			isa = PBXContainerItemProxy;
			containerPortal = 0D7A66D22163F04400FF4BA4 /* Project object */;
			proxyType = 1;
			remoteGlobalIDString = 0D7A66D92163F04400FF4BA4;
			remoteInfo = GimmikStore;
		};
		0D7A66FA2163F04800FF4BA4 /* PBXContainerItemProxy */ = {
			isa = PBXContainerItemProxy;
			containerPortal = 0D7A66D22163F04400FF4BA4 /* Project object */;
			proxyType = 1;
			remoteGlobalIDString = 0D7A66D92163F04400FF4BA4;
			remoteInfo = GimmikStore;
		};
/* End PBXContainerItemProxy section */

/* Begin PBXFileReference section */
		0D37669821640FC100DE868B /* GimmikViewController.swift */ = {isa = PBXFileReference; lastKnownFileType = sourcecode.swift; path = GimmikViewController.swift; sourceTree = "<group>"; };
		0D37669A216413A300DE868B /* GimmikCollectionViewDataSource.swift */ = {isa = PBXFileReference; lastKnownFileType = sourcecode.swift; path = GimmikCollectionViewDataSource.swift; sourceTree = "<group>"; };
		0D37669C216413B400DE868B /* GimmikCollectionViewDelegate.swift */ = {isa = PBXFileReference; lastKnownFileType = sourcecode.swift; path = GimmikCollectionViewDelegate.swift; sourceTree = "<group>"; };
		0D37669E216413C900DE868B /* Gimmik.swift */ = {isa = PBXFileReference; lastKnownFileType = sourcecode.swift; path = Gimmik.swift; sourceTree = "<group>"; };
		0D3766A12164154E00DE868B /* GimmikCollectionViewCell.swift */ = {isa = PBXFileReference; lastKnownFileType = sourcecode.swift; path = GimmikCollectionViewCell.swift; sourceTree = "<group>"; };
		0D3766A22164154E00DE868B /* GimmikCollectionViewCell.xib */ = {isa = PBXFileReference; lastKnownFileType = file.xib; path = GimmikCollectionViewCell.xib; sourceTree = "<group>"; };
		0D3766A72164765000DE868B /* Constants.swift */ = {isa = PBXFileReference; lastKnownFileType = sourcecode.swift; path = Constants.swift; sourceTree = "<group>"; };
		0D7A66DA2163F04500FF4BA4 /* GimmikStore.app */ = {isa = PBXFileReference; explicitFileType = wrapper.application; includeInIndex = 0; path = GimmikStore.app; sourceTree = BUILT_PRODUCTS_DIR; };
		0D7A66DD2163F04500FF4BA4 /* AppDelegate.swift */ = {isa = PBXFileReference; lastKnownFileType = sourcecode.swift; path = AppDelegate.swift; sourceTree = "<group>"; };
		0D7A66E22163F04500FF4BA4 /* Base */ = {isa = PBXFileReference; lastKnownFileType = file.storyboard; name = Base; path = Base.lproj/Main.storyboard; sourceTree = "<group>"; };
		0D7A66E42163F04800FF4BA4 /* Assets.xcassets */ = {isa = PBXFileReference; lastKnownFileType = folder.assetcatalog; path = Assets.xcassets; sourceTree = "<group>"; };
		0D7A66E72163F04800FF4BA4 /* Base */ = {isa = PBXFileReference; lastKnownFileType = file.storyboard; name = Base; path = Base.lproj/LaunchScreen.storyboard; sourceTree = "<group>"; };
		0D7A66E92163F04800FF4BA4 /* Info.plist */ = {isa = PBXFileReference; lastKnownFileType = text.plist.xml; path = Info.plist; sourceTree = "<group>"; };
		0D7A66EE2163F04800FF4BA4 /* GimmikStoreTests.xctest */ = {isa = PBXFileReference; explicitFileType = wrapper.cfbundle; includeInIndex = 0; path = GimmikStoreTests.xctest; sourceTree = BUILT_PRODUCTS_DIR; };
		0D7A66F22163F04800FF4BA4 /* GimmikStoreTests.swift */ = {isa = PBXFileReference; lastKnownFileType = sourcecode.swift; path = GimmikStoreTests.swift; sourceTree = "<group>"; };
		0D7A66F42163F04800FF4BA4 /* Info.plist */ = {isa = PBXFileReference; lastKnownFileType = text.plist.xml; path = Info.plist; sourceTree = "<group>"; };
		0D7A66F92163F04800FF4BA4 /* GimmikStoreUITests.xctest */ = {isa = PBXFileReference; explicitFileType = wrapper.cfbundle; includeInIndex = 0; path = GimmikStoreUITests.xctest; sourceTree = BUILT_PRODUCTS_DIR; };
		0D7A66FD2163F04800FF4BA4 /* GimmikStoreUITests.swift */ = {isa = PBXFileReference; lastKnownFileType = sourcecode.swift; path = GimmikStoreUITests.swift; sourceTree = "<group>"; };
		0D7A66FF2163F04800FF4BA4 /* Info.plist */ = {isa = PBXFileReference; lastKnownFileType = text.plist.xml; path = Info.plist; sourceTree = "<group>"; };
		17DBB2298EC4F46D88F5AD4E /* Pods_GimmikStoreUITests.framework */ = {isa = PBXFileReference; explicitFileType = wrapper.framework; includeInIndex = 0; path = Pods_GimmikStoreUITests.framework; sourceTree = BUILT_PRODUCTS_DIR; };
		58F9B92A91908F13217477FE /* Pods-GimmikStoreTests.debug.xcconfig */ = {isa = PBXFileReference; includeInIndex = 1; lastKnownFileType = text.xcconfig; name = "Pods-GimmikStoreTests.debug.xcconfig"; path = "Pods/Target Support Files/Pods-GimmikStoreTests/Pods-GimmikStoreTests.debug.xcconfig"; sourceTree = "<group>"; };
		5C5D1B44F5A999FDC81A5307 /* Pods-GimmikStoreUITests.release.xcconfig */ = {isa = PBXFileReference; includeInIndex = 1; lastKnownFileType = text.xcconfig; name = "Pods-GimmikStoreUITests.release.xcconfig"; path = "Pods/Target Support Files/Pods-GimmikStoreUITests/Pods-GimmikStoreUITests.release.xcconfig"; sourceTree = "<group>"; };
		5D9B3952CAEB3076CF90F947 /* Pods-GimmikStore.release.xcconfig */ = {isa = PBXFileReference; includeInIndex = 1; lastKnownFileType = text.xcconfig; name = "Pods-GimmikStore.release.xcconfig"; path = "Pods/Target Support Files/Pods-GimmikStore/Pods-GimmikStore.release.xcconfig"; sourceTree = "<group>"; };
		71B8AD44478512004F13ABF2 /* Pods_GimmikStoreTests.framework */ = {isa = PBXFileReference; explicitFileType = wrapper.framework; includeInIndex = 0; path = Pods_GimmikStoreTests.framework; sourceTree = BUILT_PRODUCTS_DIR; };
		8DF20E48AAD947CFC39828A6 /* Pods-GimmikStoreTests.release.xcconfig */ = {isa = PBXFileReference; includeInIndex = 1; lastKnownFileType = text.xcconfig; name = "Pods-GimmikStoreTests.release.xcconfig"; path = "Pods/Target Support Files/Pods-GimmikStoreTests/Pods-GimmikStoreTests.release.xcconfig"; sourceTree = "<group>"; };
		964A572C9F89EA04BDF98D10 /* Pods_GimmikStore.framework */ = {isa = PBXFileReference; explicitFileType = wrapper.framework; includeInIndex = 0; path = Pods_GimmikStore.framework; sourceTree = BUILT_PRODUCTS_DIR; };
		D69EC2FF77239A3E95F86FA9 /* Pods-GimmikStoreUITests.debug.xcconfig */ = {isa = PBXFileReference; includeInIndex = 1; lastKnownFileType = text.xcconfig; name = "Pods-GimmikStoreUITests.debug.xcconfig"; path = "Pods/Target Support Files/Pods-GimmikStoreUITests/Pods-GimmikStoreUITests.debug.xcconfig"; sourceTree = "<group>"; };
		E3A25901C6CC1CACEBD1AD7D /* Pods-GimmikStore.debug.xcconfig */ = {isa = PBXFileReference; includeInIndex = 1; lastKnownFileType = text.xcconfig; name = "Pods-GimmikStore.debug.xcconfig"; path = "Pods/Target Support Files/Pods-GimmikStore/Pods-GimmikStore.debug.xcconfig"; sourceTree = "<group>"; };
/* End PBXFileReference section */

/* Begin PBXFrameworksBuildPhase section */
		0D7A66D72163F04400FF4BA4 /* Frameworks */ = {
			isa = PBXFrameworksBuildPhase;
			buildActionMask = 2147483647;
			files = (
				4ACE0D33493C33821B307A57 /* Pods_GimmikStore.framework in Frameworks */,
			);
			runOnlyForDeploymentPostprocessing = 0;
		};
		0D7A66EB2163F04800FF4BA4 /* Frameworks */ = {
			isa = PBXFrameworksBuildPhase;
			buildActionMask = 2147483647;
			files = (
				F442D66EFB18A142258D160E /* Pods_GimmikStoreTests.framework in Frameworks */,
			);
			runOnlyForDeploymentPostprocessing = 0;
		};
		0D7A66F62163F04800FF4BA4 /* Frameworks */ = {
			isa = PBXFrameworksBuildPhase;
			buildActionMask = 2147483647;
			files = (
				4DA7748C779E7F33726F8835 /* Pods_GimmikStoreUITests.framework in Frameworks */,
			);
			runOnlyForDeploymentPostprocessing = 0;
		};
/* End PBXFrameworksBuildPhase section */

/* Begin PBXGroup section */
		0D37669421640F3600DE868B /* Modules */ = {
			isa = PBXGroup;
			children = (
				0D37669621640F6200DE868B /* Networking */,
				0D37669521640F5A00DE868B /* Search */,
			);
			path = Modules;
			sourceTree = "<group>";
		};
		0D37669521640F5A00DE868B /* Search */ = {
			isa = PBXGroup;
			children = (
				0D3766A02164153400DE868B /* GimmikCell */,
				0D37669821640FC100DE868B /* GimmikViewController.swift */,
				0D37669A216413A300DE868B /* GimmikCollectionViewDataSource.swift */,
				0D37669C216413B400DE868B /* GimmikCollectionViewDelegate.swift */,
				0D37669E216413C900DE868B /* Gimmik.swift */,
			);
			path = Search;
			sourceTree = "<group>";
		};
		0D37669621640F6200DE868B /* Networking */ = {
			isa = PBXGroup;
			children = (
			);
			path = Networking;
			sourceTree = "<group>";
		};
		0D3766A02164153400DE868B /* GimmikCell */ = {
			isa = PBXGroup;
			children = (
				0D3766A12164154E00DE868B /* GimmikCollectionViewCell.swift */,
				0D3766A22164154E00DE868B /* GimmikCollectionViewCell.xib */,
			);
			path = GimmikCell;
			sourceTree = "<group>";
		};
		0D3766A52164762D00DE868B /* Commons */ = {
			isa = PBXGroup;
			children = (
				0D3766A72164765000DE868B /* Constants.swift */,
			);
			path = Commons;
			sourceTree = "<group>";
		};
		0D7A66D12163F04400FF4BA4 = {
			isa = PBXGroup;
			children = (
				0D7A66DC2163F04500FF4BA4 /* GimmikStore */,
				0D7A66F12163F04800FF4BA4 /* GimmikStoreTests */,
				0D7A66FC2163F04800FF4BA4 /* GimmikStoreUITests */,
				0D7A66DB2163F04500FF4BA4 /* Products */,
				1AEC3ED4FE9324AC5C465011 /* Pods */,
				8F576BE9F55AF046662E8566 /* Frameworks */,
			);
			sourceTree = "<group>";
		};
		0D7A66DB2163F04500FF4BA4 /* Products */ = {
			isa = PBXGroup;
			children = (
				0D7A66DA2163F04500FF4BA4 /* GimmikStore.app */,
				0D7A66EE2163F04800FF4BA4 /* GimmikStoreTests.xctest */,
				0D7A66F92163F04800FF4BA4 /* GimmikStoreUITests.xctest */,
			);
			name = Products;
			sourceTree = "<group>";
		};
		0D7A66DC2163F04500FF4BA4 /* GimmikStore */ = {
			isa = PBXGroup;
			children = (
				0D3766A52164762D00DE868B /* Commons */,
				0D37669421640F3600DE868B /* Modules */,
				0D7A66DD2163F04500FF4BA4 /* AppDelegate.swift */,
				0D7A66E12163F04500FF4BA4 /* Main.storyboard */,
				0D7A66E42163F04800FF4BA4 /* Assets.xcassets */,
				0D7A66E62163F04800FF4BA4 /* LaunchScreen.storyboard */,
				0D7A66E92163F04800FF4BA4 /* Info.plist */,
			);
			path = GimmikStore;
			sourceTree = "<group>";
		};
		0D7A66F12163F04800FF4BA4 /* GimmikStoreTests */ = {
			isa = PBXGroup;
			children = (
				0D7A66F22163F04800FF4BA4 /* GimmikStoreTests.swift */,
				0D7A66F42163F04800FF4BA4 /* Info.plist */,
			);
			path = GimmikStoreTests;
			sourceTree = "<group>";
		};
		0D7A66FC2163F04800FF4BA4 /* GimmikStoreUITests */ = {
			isa = PBXGroup;
			children = (
				0D7A66FD2163F04800FF4BA4 /* GimmikStoreUITests.swift */,
				0D7A66FF2163F04800FF4BA4 /* Info.plist */,
			);
			path = GimmikStoreUITests;
			sourceTree = "<group>";
		};
		1AEC3ED4FE9324AC5C465011 /* Pods */ = {
			isa = PBXGroup;
			children = (
				E3A25901C6CC1CACEBD1AD7D /* Pods-GimmikStore.debug.xcconfig */,
				5D9B3952CAEB3076CF90F947 /* Pods-GimmikStore.release.xcconfig */,
				58F9B92A91908F13217477FE /* Pods-GimmikStoreTests.debug.xcconfig */,
				8DF20E48AAD947CFC39828A6 /* Pods-GimmikStoreTests.release.xcconfig */,
				D69EC2FF77239A3E95F86FA9 /* Pods-GimmikStoreUITests.debug.xcconfig */,
				5C5D1B44F5A999FDC81A5307 /* Pods-GimmikStoreUITests.release.xcconfig */,
			);
			name = Pods;
			sourceTree = "<group>";
		};
		8F576BE9F55AF046662E8566 /* Frameworks */ = {
			isa = PBXGroup;
			children = (
				964A572C9F89EA04BDF98D10 /* Pods_GimmikStore.framework */,
				71B8AD44478512004F13ABF2 /* Pods_GimmikStoreTests.framework */,
				17DBB2298EC4F46D88F5AD4E /* Pods_GimmikStoreUITests.framework */,
			);
			name = Frameworks;
			sourceTree = "<group>";
		};
/* End PBXGroup section */

/* Begin PBXNativeTarget section */
		0D7A66D92163F04400FF4BA4 /* GimmikStore */ = {
			isa = PBXNativeTarget;
			buildConfigurationList = 0D7A67022163F04800FF4BA4 /* Build configuration list for PBXNativeTarget "GimmikStore" */;
			buildPhases = (
				FC955F11FF15181C5B1D7FF9 /* [CP] Check Pods Manifest.lock */,
				0D7A66D62163F04400FF4BA4 /* Sources */,
				0D7A66D72163F04400FF4BA4 /* Frameworks */,
				0D7A66D82163F04400FF4BA4 /* Resources */,
				B6192312093671D306927F42 /* [CP] Embed Pods Frameworks */,
			);
			buildRules = (
			);
			dependencies = (
			);
			name = GimmikStore;
			productName = GimmikStore;
			productReference = 0D7A66DA2163F04500FF4BA4 /* GimmikStore.app */;
			productType = "com.apple.product-type.application";
		};
		0D7A66ED2163F04800FF4BA4 /* GimmikStoreTests */ = {
			isa = PBXNativeTarget;
			buildConfigurationList = 0D7A67052163F04800FF4BA4 /* Build configuration list for PBXNativeTarget "GimmikStoreTests" */;
			buildPhases = (
				F81BCA62F2C1517EC12B7A03 /* [CP] Check Pods Manifest.lock */,
				0D7A66EA2163F04800FF4BA4 /* Sources */,
				0D7A66EB2163F04800FF4BA4 /* Frameworks */,
				0D7A66EC2163F04800FF4BA4 /* Resources */,
			);
			buildRules = (
			);
			dependencies = (
				0D7A66F02163F04800FF4BA4 /* PBXTargetDependency */,
			);
			name = GimmikStoreTests;
			productName = GimmikStoreTests;
			productReference = 0D7A66EE2163F04800FF4BA4 /* GimmikStoreTests.xctest */;
			productType = "com.apple.product-type.bundle.unit-test";
		};
		0D7A66F82163F04800FF4BA4 /* GimmikStoreUITests */ = {
			isa = PBXNativeTarget;
			buildConfigurationList = 0D7A67082163F04800FF4BA4 /* Build configuration list for PBXNativeTarget "GimmikStoreUITests" */;
			buildPhases = (
				A5ABBF60FD87D2E667E7F196 /* [CP] Check Pods Manifest.lock */,
				0D7A66F52163F04800FF4BA4 /* Sources */,
				0D7A66F62163F04800FF4BA4 /* Frameworks */,
				0D7A66F72163F04800FF4BA4 /* Resources */,
			);
			buildRules = (
			);
			dependencies = (
				0D7A66FB2163F04800FF4BA4 /* PBXTargetDependency */,
			);
			name = GimmikStoreUITests;
			productName = GimmikStoreUITests;
			productReference = 0D7A66F92163F04800FF4BA4 /* GimmikStoreUITests.xctest */;
			productType = "com.apple.product-type.bundle.ui-testing";
		};
/* End PBXNativeTarget section */

/* Begin PBXProject section */
		0D7A66D22163F04400FF4BA4 /* Project object */ = {
			isa = PBXProject;
			attributes = {
				LastSwiftUpdateCheck = 1000;
				LastUpgradeCheck = 1000;
				ORGANIZATIONNAME = Viyana;
				TargetAttributes = {
					0D7A66D92163F04400FF4BA4 = {
						CreatedOnToolsVersion = 10.0;
					};
					0D7A66ED2163F04800FF4BA4 = {
						CreatedOnToolsVersion = 10.0;
						TestTargetID = 0D7A66D92163F04400FF4BA4;
					};
					0D7A66F82163F04800FF4BA4 = {
						CreatedOnToolsVersion = 10.0;
						TestTargetID = 0D7A66D92163F04400FF4BA4;
					};
				};
			};
			buildConfigurationList = 0D7A66D52163F04400FF4BA4 /* Build configuration list for PBXProject "GimmikStore" */;
			compatibilityVersion = "Xcode 9.3";
			developmentRegion = en;
			hasScannedForEncodings = 0;
			knownRegions = (
				en,
				Base,
			);
			mainGroup = 0D7A66D12163F04400FF4BA4;
			productRefGroup = 0D7A66DB2163F04500FF4BA4 /* Products */;
			projectDirPath = "";
			projectRoot = "";
			targets = (
				0D7A66D92163F04400FF4BA4 /* GimmikStore */,
				0D7A66ED2163F04800FF4BA4 /* GimmikStoreTests */,
				0D7A66F82163F04800FF4BA4 /* GimmikStoreUITests */,
			);
		};
/* End PBXProject section */

/* Begin PBXResourcesBuildPhase section */
		0D7A66D82163F04400FF4BA4 /* Resources */ = {
			isa = PBXResourcesBuildPhase;
			buildActionMask = 2147483647;
			files = (
				0D7A66E82163F04800FF4BA4 /* LaunchScreen.storyboard in Resources */,
				0D7A66E52163F04800FF4BA4 /* Assets.xcassets in Resources */,
				0D3766A42164154E00DE868B /* GimmikCollectionViewCell.xib in Resources */,
				0D7A66E32163F04500FF4BA4 /* Main.storyboard in Resources */,
			);
			runOnlyForDeploymentPostprocessing = 0;
		};
		0D7A66EC2163F04800FF4BA4 /* Resources */ = {
			isa = PBXResourcesBuildPhase;
			buildActionMask = 2147483647;
			files = (
			);
			runOnlyForDeploymentPostprocessing = 0;
		};
		0D7A66F72163F04800FF4BA4 /* Resources */ = {
			isa = PBXResourcesBuildPhase;
			buildActionMask = 2147483647;
			files = (
			);
			runOnlyForDeploymentPostprocessing = 0;
		};
/* End PBXResourcesBuildPhase section */

/* Begin PBXShellScriptBuildPhase section */
		A5ABBF60FD87D2E667E7F196 /* [CP] Check Pods Manifest.lock */ = {
			isa = PBXShellScriptBuildPhase;
			buildActionMask = 2147483647;
			files = (
			);
			inputFileListPaths = (
			);
			inputPaths = (
				"${PODS_PODFILE_DIR_PATH}/Podfile.lock",
				"${PODS_ROOT}/Manifest.lock",
			);
			name = "[CP] Check Pods Manifest.lock";
			outputFileListPaths = (
			);
			outputPaths = (
				"$(DERIVED_FILE_DIR)/Pods-GimmikStoreUITests-checkManifestLockResult.txt",
			);
			runOnlyForDeploymentPostprocessing = 0;
			shellPath = /bin/sh;
			shellScript = "diff \"${PODS_PODFILE_DIR_PATH}/Podfile.lock\" \"${PODS_ROOT}/Manifest.lock\" > /dev/null\nif [ $? != 0 ] ; then\n    # print error to STDERR\n    echo \"error: The sandbox is not in sync with the Podfile.lock. Run 'pod install' or update your CocoaPods installation.\" >&2\n    exit 1\nfi\n# This output is used by Xcode 'outputs' to avoid re-running this script phase.\necho \"SUCCESS\" > \"${SCRIPT_OUTPUT_FILE_0}\"\n";
			showEnvVarsInLog = 0;
		};
		B6192312093671D306927F42 /* [CP] Embed Pods Frameworks */ = {
			isa = PBXShellScriptBuildPhase;
			buildActionMask = 2147483647;
			files = (
			);
			inputFileListPaths = (
			);
			inputPaths = (
				"${SRCROOT}/Pods/Target Support Files/Pods-GimmikStore/Pods-GimmikStore-frameworks.sh",
				"${BUILT_PRODUCTS_DIR}/Alamofire/Alamofire.framework",
			);
			name = "[CP] Embed Pods Frameworks";
			outputFileListPaths = (
			);
			outputPaths = (
				"${TARGET_BUILD_DIR}/${FRAMEWORKS_FOLDER_PATH}/Alamofire.framework",
			);
			runOnlyForDeploymentPostprocessing = 0;
			shellPath = /bin/sh;
			shellScript = "\"${SRCROOT}/Pods/Target Support Files/Pods-GimmikStore/Pods-GimmikStore-frameworks.sh\"\n";
			showEnvVarsInLog = 0;
		};
		F81BCA62F2C1517EC12B7A03 /* [CP] Check Pods Manifest.lock */ = {
			isa = PBXShellScriptBuildPhase;
			buildActionMask = 2147483647;
			files = (
			);
			inputFileListPaths = (
			);
			inputPaths = (
				"${PODS_PODFILE_DIR_PATH}/Podfile.lock",
				"${PODS_ROOT}/Manifest.lock",
			);
			name = "[CP] Check Pods Manifest.lock";
			outputFileListPaths = (
			);
			outputPaths = (
				"$(DERIVED_FILE_DIR)/Pods-GimmikStoreTests-checkManifestLockResult.txt",
			);
			runOnlyForDeploymentPostprocessing = 0;
			shellPath = /bin/sh;
			shellScript = "diff \"${PODS_PODFILE_DIR_PATH}/Podfile.lock\" \"${PODS_ROOT}/Manifest.lock\" > /dev/null\nif [ $? != 0 ] ; then\n    # print error to STDERR\n    echo \"error: The sandbox is not in sync with the Podfile.lock. Run 'pod install' or update your CocoaPods installation.\" >&2\n    exit 1\nfi\n# This output is used by Xcode 'outputs' to avoid re-running this script phase.\necho \"SUCCESS\" > \"${SCRIPT_OUTPUT_FILE_0}\"\n";
			showEnvVarsInLog = 0;
		};
		FC955F11FF15181C5B1D7FF9 /* [CP] Check Pods Manifest.lock */ = {
			isa = PBXShellScriptBuildPhase;
			buildActionMask = 2147483647;
			files = (
			);
			inputFileListPaths = (
			);
			inputPaths = (
				"${PODS_PODFILE_DIR_PATH}/Podfile.lock",
				"${PODS_ROOT}/Manifest.lock",
			);
			name = "[CP] Check Pods Manifest.lock";
			outputFileListPaths = (
			);
			outputPaths = (
				"$(DERIVED_FILE_DIR)/Pods-GimmikStore-checkManifestLockResult.txt",
			);
			runOnlyForDeploymentPostprocessing = 0;
			shellPath = /bin/sh;
			shellScript = "diff \"${PODS_PODFILE_DIR_PATH}/Podfile.lock\" \"${PODS_ROOT}/Manifest.lock\" > /dev/null\nif [ $? != 0 ] ; then\n    # print error to STDERR\n    echo \"error: The sandbox is not in sync with the Podfile.lock. Run 'pod install' or update your CocoaPods installation.\" >&2\n    exit 1\nfi\n# This output is used by Xcode 'outputs' to avoid re-running this script phase.\necho \"SUCCESS\" > \"${SCRIPT_OUTPUT_FILE_0}\"\n";
			showEnvVarsInLog = 0;
		};
/* End PBXShellScriptBuildPhase section */

/* Begin PBXSourcesBuildPhase section */
		0D7A66D62163F04400FF4BA4 /* Sources */ = {
			isa = PBXSourcesBuildPhase;
			buildActionMask = 2147483647;
			files = (
				0D3766A32164154E00DE868B /* GimmikCollectionViewCell.swift in Sources */,
				0D37669921640FC100DE868B /* GimmikViewController.swift in Sources */,
				0D37669F216413C900DE868B /* Gimmik.swift in Sources */,
				0D37669D216413B400DE868B /* GimmikCollectionViewDelegate.swift in Sources */,
				0D3766A82164765000DE868B /* Constants.swift in Sources */,
				0D7A66DE2163F04500FF4BA4 /* AppDelegate.swift in Sources */,
				0D37669B216413A300DE868B /* GimmikCollectionViewDataSource.swift in Sources */,
			);
			runOnlyForDeploymentPostprocessing = 0;
		};
		0D7A66EA2163F04800FF4BA4 /* Sources */ = {
			isa = PBXSourcesBuildPhase;
			buildActionMask = 2147483647;
			files = (
				0D7A66F32163F04800FF4BA4 /* GimmikStoreTests.swift in Sources */,
			);
			runOnlyForDeploymentPostprocessing = 0;
		};
		0D7A66F52163F04800FF4BA4 /* Sources */ = {
			isa = PBXSourcesBuildPhase;
			buildActionMask = 2147483647;
			files = (
				0D7A66FE2163F04800FF4BA4 /* GimmikStoreUITests.swift in Sources */,
			);
			runOnlyForDeploymentPostprocessing = 0;
		};
/* End PBXSourcesBuildPhase section */

/* Begin PBXTargetDependency section */
		0D7A66F02163F04800FF4BA4 /* PBXTargetDependency */ = {
			isa = PBXTargetDependency;
			target = 0D7A66D92163F04400FF4BA4 /* GimmikStore */;
			targetProxy = 0D7A66EF2163F04800FF4BA4 /* PBXContainerItemProxy */;
		};
		0D7A66FB2163F04800FF4BA4 /* PBXTargetDependency */ = {
			isa = PBXTargetDependency;
			target = 0D7A66D92163F04400FF4BA4 /* GimmikStore */;
			targetProxy = 0D7A66FA2163F04800FF4BA4 /* PBXContainerItemProxy */;
		};
/* End PBXTargetDependency section */

/* Begin PBXVariantGroup section */
		0D7A66E12163F04500FF4BA4 /* Main.storyboard */ = {
			isa = PBXVariantGroup;
			children = (
				0D7A66E22163F04500FF4BA4 /* Base */,
			);
			name = Main.storyboard;
			sourceTree = "<group>";
		};
		0D7A66E62163F04800FF4BA4 /* LaunchScreen.storyboard */ = {
			isa = PBXVariantGroup;
			children = (
				0D7A66E72163F04800FF4BA4 /* Base */,
			);
			name = LaunchScreen.storyboard;
			sourceTree = "<group>";
		};
/* End PBXVariantGroup section */

/* Begin XCBuildConfiguration section */
		0D7A67002163F04800FF4BA4 /* Debug */ = {
			isa = XCBuildConfiguration;
			buildSettings = {
				ALWAYS_SEARCH_USER_PATHS = NO;
				CLANG_ANALYZER_NONNULL = YES;
				CLANG_ANALYZER_NUMBER_OBJECT_CONVERSION = YES_AGGRESSIVE;
				CLANG_CXX_LANGUAGE_STANDARD = "gnu++14";
				CLANG_CXX_LIBRARY = "libc++";
				CLANG_ENABLE_MODULES = YES;
				CLANG_ENABLE_OBJC_ARC = YES;
				CLANG_ENABLE_OBJC_WEAK = YES;
				CLANG_WARN_BLOCK_CAPTURE_AUTORELEASING = YES;
				CLANG_WARN_BOOL_CONVERSION = YES;
				CLANG_WARN_COMMA = YES;
				CLANG_WARN_CONSTANT_CONVERSION = YES;
				CLANG_WARN_DEPRECATED_OBJC_IMPLEMENTATIONS = YES;
				CLANG_WARN_DIRECT_OBJC_ISA_USAGE = YES_ERROR;
				CLANG_WARN_DOCUMENTATION_COMMENTS = YES;
				CLANG_WARN_EMPTY_BODY = YES;
				CLANG_WARN_ENUM_CONVERSION = YES;
				CLANG_WARN_INFINITE_RECURSION = YES;
				CLANG_WARN_INT_CONVERSION = YES;
				CLANG_WARN_NON_LITERAL_NULL_CONVERSION = YES;
				CLANG_WARN_OBJC_IMPLICIT_RETAIN_SELF = YES;
				CLANG_WARN_OBJC_LITERAL_CONVERSION = YES;
				CLANG_WARN_OBJC_ROOT_CLASS = YES_ERROR;
				CLANG_WARN_RANGE_LOOP_ANALYSIS = YES;
				CLANG_WARN_STRICT_PROTOTYPES = YES;
				CLANG_WARN_SUSPICIOUS_MOVE = YES;
				CLANG_WARN_UNGUARDED_AVAILABILITY = YES_AGGRESSIVE;
				CLANG_WARN_UNREACHABLE_CODE = YES;
				CLANG_WARN__DUPLICATE_METHOD_MATCH = YES;
				CODE_SIGN_IDENTITY = "iPhone Developer";
				COPY_PHASE_STRIP = NO;
				DEBUG_INFORMATION_FORMAT = dwarf;
				ENABLE_STRICT_OBJC_MSGSEND = YES;
				ENABLE_TESTABILITY = YES;
				GCC_C_LANGUAGE_STANDARD = gnu11;
				GCC_DYNAMIC_NO_PIC = NO;
				GCC_NO_COMMON_BLOCKS = YES;
				GCC_OPTIMIZATION_LEVEL = 0;
				GCC_PREPROCESSOR_DEFINITIONS = (
					"DEBUG=1",
					"$(inherited)",
				);
				GCC_WARN_64_TO_32_BIT_CONVERSION = YES;
				GCC_WARN_ABOUT_RETURN_TYPE = YES_ERROR;
				GCC_WARN_UNDECLARED_SELECTOR = YES;
				GCC_WARN_UNINITIALIZED_AUTOS = YES_AGGRESSIVE;
				GCC_WARN_UNUSED_FUNCTION = YES;
				GCC_WARN_UNUSED_VARIABLE = YES;
				IPHONEOS_DEPLOYMENT_TARGET = 12.0;
				MTL_ENABLE_DEBUG_INFO = INCLUDE_SOURCE;
				MTL_FAST_MATH = YES;
				ONLY_ACTIVE_ARCH = YES;
				SDKROOT = iphoneos;
				SWIFT_ACTIVE_COMPILATION_CONDITIONS = DEBUG;
				SWIFT_OPTIMIZATION_LEVEL = "-Onone";
			};
			name = Debug;
		};
		0D7A67012163F04800FF4BA4 /* Release */ = {
			isa = XCBuildConfiguration;
			buildSettings = {
				ALWAYS_SEARCH_USER_PATHS = NO;
				CLANG_ANALYZER_NONNULL = YES;
				CLANG_ANALYZER_NUMBER_OBJECT_CONVERSION = YES_AGGRESSIVE;
				CLANG_CXX_LANGUAGE_STANDARD = "gnu++14";
				CLANG_CXX_LIBRARY = "libc++";
				CLANG_ENABLE_MODULES = YES;
				CLANG_ENABLE_OBJC_ARC = YES;
				CLANG_ENABLE_OBJC_WEAK = YES;
				CLANG_WARN_BLOCK_CAPTURE_AUTORELEASING = YES;
				CLANG_WARN_BOOL_CONVERSION = YES;
				CLANG_WARN_COMMA = YES;
				CLANG_WARN_CONSTANT_CONVERSION = YES;
				CLANG_WARN_DEPRECATED_OBJC_IMPLEMENTATIONS = YES;
				CLANG_WARN_DIRECT_OBJC_ISA_USAGE = YES_ERROR;
				CLANG_WARN_DOCUMENTATION_COMMENTS = YES;
				CLANG_WARN_EMPTY_BODY = YES;
				CLANG_WARN_ENUM_CONVERSION = YES;
				CLANG_WARN_INFINITE_RECURSION = YES;
				CLANG_WARN_INT_CONVERSION = YES;
				CLANG_WARN_NON_LITERAL_NULL_CONVERSION = YES;
				CLANG_WARN_OBJC_IMPLICIT_RETAIN_SELF = YES;
				CLANG_WARN_OBJC_LITERAL_CONVERSION = YES;
				CLANG_WARN_OBJC_ROOT_CLASS = YES_ERROR;
				CLANG_WARN_RANGE_LOOP_ANALYSIS = YES;
				CLANG_WARN_STRICT_PROTOTYPES = YES;
				CLANG_WARN_SUSPICIOUS_MOVE = YES;
				CLANG_WARN_UNGUARDED_AVAILABILITY = YES_AGGRESSIVE;
				CLANG_WARN_UNREACHABLE_CODE = YES;
				CLANG_WARN__DUPLICATE_METHOD_MATCH = YES;
				CODE_SIGN_IDENTITY = "iPhone Developer";
				COPY_PHASE_STRIP = NO;
				DEBUG_INFORMATION_FORMAT = "dwarf-with-dsym";
				ENABLE_NS_ASSERTIONS = NO;
				ENABLE_STRICT_OBJC_MSGSEND = YES;
				GCC_C_LANGUAGE_STANDARD = gnu11;
				GCC_NO_COMMON_BLOCKS = YES;
				GCC_WARN_64_TO_32_BIT_CONVERSION = YES;
				GCC_WARN_ABOUT_RETURN_TYPE = YES_ERROR;
				GCC_WARN_UNDECLARED_SELECTOR = YES;
				GCC_WARN_UNINITIALIZED_AUTOS = YES_AGGRESSIVE;
				GCC_WARN_UNUSED_FUNCTION = YES;
				GCC_WARN_UNUSED_VARIABLE = YES;
				IPHONEOS_DEPLOYMENT_TARGET = 12.0;
				MTL_ENABLE_DEBUG_INFO = NO;
				MTL_FAST_MATH = YES;
				SDKROOT = iphoneos;
				SWIFT_COMPILATION_MODE = wholemodule;
				SWIFT_OPTIMIZATION_LEVEL = "-O";
				VALIDATE_PRODUCT = YES;
			};
			name = Release;
		};
		0D7A67032163F04800FF4BA4 /* Debug */ = {
			isa = XCBuildConfiguration;
			baseConfigurationReference = E3A25901C6CC1CACEBD1AD7D /* Pods-GimmikStore.debug.xcconfig */;
			buildSettings = {
				ASSETCATALOG_COMPILER_APPICON_NAME = AppIcon;
				CODE_SIGN_STYLE = Automatic;
				DEVELOPMENT_TEAM = 2G8R2KPH36;
				INFOPLIST_FILE = GimmikStore/Info.plist;
				IPHONEOS_DEPLOYMENT_TARGET = 11.0;
				LD_RUNPATH_SEARCH_PATHS = (
					"$(inherited)",
					"@executable_path/Frameworks",
				);
				PRODUCT_BUNDLE_IDENTIFIER = me.viyana.GimmikStore;
				PRODUCT_NAME = "$(TARGET_NAME)";
				SWIFT_VERSION = 4.2;
				TARGETED_DEVICE_FAMILY = "1,2";
			};
			name = Debug;
		};
		0D7A67042163F04800FF4BA4 /* Release */ = {
			isa = XCBuildConfiguration;
			baseConfigurationReference = 5D9B3952CAEB3076CF90F947 /* Pods-GimmikStore.release.xcconfig */;
			buildSettings = {
				ASSETCATALOG_COMPILER_APPICON_NAME = AppIcon;
				CODE_SIGN_STYLE = Automatic;
				DEVELOPMENT_TEAM = 2G8R2KPH36;
				INFOPLIST_FILE = GimmikStore/Info.plist;
				IPHONEOS_DEPLOYMENT_TARGET = 11.0;
				LD_RUNPATH_SEARCH_PATHS = (
					"$(inherited)",
					"@executable_path/Frameworks",
				);
				PRODUCT_BUNDLE_IDENTIFIER = me.viyana.GimmikStore;
				PRODUCT_NAME = "$(TARGET_NAME)";
				SWIFT_VERSION = 4.2;
				TARGETED_DEVICE_FAMILY = "1,2";
			};
			name = Release;
		};
		0D7A67062163F04800FF4BA4 /* Debug */ = {
			isa = XCBuildConfiguration;
			baseConfigurationReference = 58F9B92A91908F13217477FE /* Pods-GimmikStoreTests.debug.xcconfig */;
			buildSettings = {
				ALWAYS_EMBED_SWIFT_STANDARD_LIBRARIES = YES;
				BUNDLE_LOADER = "$(TEST_HOST)";
				CODE_SIGN_STYLE = Automatic;
				DEVELOPMENT_TEAM = 2G8R2KPH36;
				INFOPLIST_FILE = GimmikStoreTests/Info.plist;
				LD_RUNPATH_SEARCH_PATHS = (
					"$(inherited)",
					"@executable_path/Frameworks",
					"@loader_path/Frameworks",
				);
				PRODUCT_BUNDLE_IDENTIFIER = me.viyana.GimmikStoreTests;
				PRODUCT_NAME = "$(TARGET_NAME)";
				SWIFT_VERSION = 4.2;
				TARGETED_DEVICE_FAMILY = "1,2";
				TEST_HOST = "$(BUILT_PRODUCTS_DIR)/GimmikStore.app/GimmikStore";
			};
			name = Debug;
		};
		0D7A67072163F04800FF4BA4 /* Release */ = {
			isa = XCBuildConfiguration;
			baseConfigurationReference = 8DF20E48AAD947CFC39828A6 /* Pods-GimmikStoreTests.release.xcconfig */;
			buildSettings = {
				ALWAYS_EMBED_SWIFT_STANDARD_LIBRARIES = YES;
				BUNDLE_LOADER = "$(TEST_HOST)";
				CODE_SIGN_STYLE = Automatic;
				DEVELOPMENT_TEAM = 2G8R2KPH36;
				INFOPLIST_FILE = GimmikStoreTests/Info.plist;
				LD_RUNPATH_SEARCH_PATHS = (
					"$(inherited)",
					"@executable_path/Frameworks",
					"@loader_path/Frameworks",
				);
				PRODUCT_BUNDLE_IDENTIFIER = me.viyana.GimmikStoreTests;
				PRODUCT_NAME = "$(TARGET_NAME)";
				SWIFT_VERSION = 4.2;
				TARGETED_DEVICE_FAMILY = "1,2";
				TEST_HOST = "$(BUILT_PRODUCTS_DIR)/GimmikStore.app/GimmikStore";
			};
			name = Release;
		};
		0D7A67092163F04800FF4BA4 /* Debug */ = {
			isa = XCBuildConfiguration;
			baseConfigurationReference = D69EC2FF77239A3E95F86FA9 /* Pods-GimmikStoreUITests.debug.xcconfig */;
			buildSettings = {
				ALWAYS_EMBED_SWIFT_STANDARD_LIBRARIES = YES;
				CODE_SIGN_STYLE = Automatic;
				DEVELOPMENT_TEAM = 2G8R2KPH36;
				INFOPLIST_FILE = GimmikStoreUITests/Info.plist;
				LD_RUNPATH_SEARCH_PATHS = (
					"$(inherited)",
					"@executable_path/Frameworks",
					"@loader_path/Frameworks",
				);
				PRODUCT_BUNDLE_IDENTIFIER = me.viyana.GimmikStoreUITests;
				PRODUCT_NAME = "$(TARGET_NAME)";
				SWIFT_VERSION = 4.2;
				TARGETED_DEVICE_FAMILY = "1,2";
				TEST_TARGET_NAME = GimmikStore;
			};
			name = Debug;
		};
		0D7A670A2163F04800FF4BA4 /* Release */ = {
			isa = XCBuildConfiguration;
			baseConfigurationReference = 5C5D1B44F5A999FDC81A5307 /* Pods-GimmikStoreUITests.release.xcconfig */;
			buildSettings = {
				ALWAYS_EMBED_SWIFT_STANDARD_LIBRARIES = YES;
				CODE_SIGN_STYLE = Automatic;
				DEVELOPMENT_TEAM = 2G8R2KPH36;
				INFOPLIST_FILE = GimmikStoreUITests/Info.plist;
				LD_RUNPATH_SEARCH_PATHS = (
					"$(inherited)",
					"@executable_path/Frameworks",
					"@loader_path/Frameworks",
				);
				PRODUCT_BUNDLE_IDENTIFIER = me.viyana.GimmikStoreUITests;
				PRODUCT_NAME = "$(TARGET_NAME)";
				SWIFT_VERSION = 4.2;
				TARGETED_DEVICE_FAMILY = "1,2";
				TEST_TARGET_NAME = GimmikStore;
			};
			name = Release;
		};
/* End XCBuildConfiguration section */

/* Begin XCConfigurationList section */
		0D7A66D52163F04400FF4BA4 /* Build configuration list for PBXProject "GimmikStore" */ = {
			isa = XCConfigurationList;
			buildConfigurations = (
				0D7A67002163F04800FF4BA4 /* Debug */,
				0D7A67012163F04800FF4BA4 /* Release */,
			);
			defaultConfigurationIsVisible = 0;
			defaultConfigurationName = Release;
		};
		0D7A67022163F04800FF4BA4 /* Build configuration list for PBXNativeTarget "GimmikStore" */ = {
			isa = XCConfigurationList;
			buildConfigurations = (
				0D7A67032163F04800FF4BA4 /* Debug */,
				0D7A67042163F04800FF4BA4 /* Release */,
			);
			defaultConfigurationIsVisible = 0;
			defaultConfigurationName = Release;
		};
		0D7A67052163F04800FF4BA4 /* Build configuration list for PBXNativeTarget "GimmikStoreTests" */ = {
			isa = XCConfigurationList;
			buildConfigurations = (
				0D7A67062163F04800FF4BA4 /* Debug */,
				0D7A67072163F04800FF4BA4 /* Release */,
			);
			defaultConfigurationIsVisible = 0;
			defaultConfigurationName = Release;
		};
		0D7A67082163F04800FF4BA4 /* Build configuration list for PBXNativeTarget "GimmikStoreUITests" */ = {
			isa = XCConfigurationList;
			buildConfigurations = (
				0D7A67092163F04800FF4BA4 /* Debug */,
				0D7A670A2163F04800FF4BA4 /* Release */,
			);
			defaultConfigurationIsVisible = 0;
			defaultConfigurationName = Release;
		};
/* End XCConfigurationList section */
	};
	rootObject = 0D7A66D22163F04400FF4BA4 /* Project object */;
}
